parameters:
  -
    in: path
    name: id
    required: true
    description: 'The report id.'
    schema:
      type: string
      format: uuid
delete:
  tags:
    - Report
  summary: 'Delete a report by id.'
  operationId: unlock_report
  responses:
    204:
      description: 'The report has been unlocked.'
    401:
      description: Unauthorized
    403:
      description: Forbidden
put:
  tags:
    - Report
  summary: 'Lock a report by ID.'
  operationId: lock_report
  responses:
    200:
      description: 'The unlocked report.'
      content:
        application/json:
          schema:
            type: object
            properties:
              data:
                $ref: ../../models/report.yml
              meta:
                type: object
    401:
      description: Unauthorized
    403:
      description: Forbidden
